
Microsoft Visual Studio Solution File, Format Version 12.00
# Visual Studio Version 17
VisualStudioVersion = 17.5.33424.131
MinimumVisualStudioVersion = 10.0.40219.1
Project("{FAE04EC0-301F-11D3-BF4B-00C04F79EFBC}") = "TruckDriver.WindowsFormsApp", "TruckDriver.WindowsFormsApp\TruckDriver.WindowsFormsApp.csproj", "{27A1E611-DA08-4195-B7A9-6E461241DCD2}"
EndProject
Project("{9A19103F-16F7-4668-BE54-9A1E7A4F7556}") = "TruckDriver.Domain", "TruckDriver.Domain\TruckDriver.Domain.csproj", "{B47CA4C0-A038-4805-8360-8FDBBAC65D1A}"
EndProject
Project("{9A19103F-16F7-4668-BE54-9A1E7A4F7556}") = "TruckDriver.Infra.ADO", "TruckDriver.Infra.DAO\TruckDriver.Infra.ADO.csproj", "{9B7B9F68-98A6-480D-B950-A7E6291FB28C}"
EndProject
Global
	GlobalSection(SolutionConfigurationPlatforms) = preSolution
		Debug|Any CPU = Debug|Any CPU
		Release|Any CPU = Release|Any CPU
	EndGlobalSection
	GlobalSection(ProjectConfigurationPlatforms) = postSolution
		{27A1E611-DA08-4195-B7A9-6E461241DCD2}.Debug|Any CPU.ActiveCfg = Debug|Any CPU
		{27A1E611-DA08-4195-B7A9-6E461241DCD2}.Debug|Any CPU.Build.0 = Debug|Any CPU
		{27A1E611-DA08-4195-B7A9-6E461241DCD2}.Release|Any CPU.ActiveCfg = Release|Any CPU
		{27A1E611-DA08-4195-B7A9-6E461241DCD2}.Release|Any CPU.Build.0 = Release|Any CPU
		{B47CA4C0-A038-4805-8360-8FDBBAC65D1A}.Debug|Any CPU.ActiveCfg = Debug|Any CPU
		{B47CA4C0-A038-4805-8360-8FDBBAC65D1A}.Debug|Any CPU.Build.0 = Debug|Any CPU
		{B47CA4C0-A038-4805-8360-8FDBBAC65D1A}.Release|Any CPU.ActiveCfg = Release|Any CPU
		{B47CA4C0-A038-4805-8360-8FDBBAC65D1A}.Release|Any CPU.Build.0 = Release|Any CPU
		{9B7B9F68-98A6-480D-B950-A7E6291FB28C}.Debug|Any CPU.ActiveCfg = Debug|Any CPU
		{9B7B9F68-98A6-480D-B950-A7E6291FB28C}.Debug|Any CPU.Build.0 = Debug|Any CPU
		{9B7B9F68-98A6-480D-B950-A7E6291FB28C}.Release|Any CPU.ActiveCfg = Release|Any CPU
		{9B7B9F68-98A6-480D-B950-A7E6291FB28C}.Release|Any CPU.Build.0 = Release|Any CPU
	EndGlobalSection
	GlobalSection(SolutionProperties) = preSolution
		HideSolutionNode = FALSE
	EndGlobalSection
	GlobalSection(ExtensibilityGlobals) = postSolution
		SolutionGuid = {F6B32FAE-66AD-4C34-94AA-EED6AF862DAA}
	EndGlobalSection
EndGlobal
